
Microsoft Visual Studio Solution File, Format Version 12.00
# Visual Studio Version 16
VisualStudioVersion = 16.0.30621.155
MinimumVisualStudioVersion = 10.0.40219.1
Project("{888888A0-9F3D-457C-B088-3A5042F75D52}") = "Pr 15 p", "Pr 15 p\Pr 15 p.pyproj", "{DB0757B2-60B4-4ED3-87A1-1F0B02FD16E7}"
EndProject
Global
	GlobalSection(SolutionConfigurationPlatforms) = preSolution
		Debug|Any CPU = Debug|Any CPU
		Release|Any CPU = Release|Any CPU
	EndGlobalSection
	GlobalSection(ProjectConfigurationPlatforms) = postSolution
		{DB0757B2-60B4-4ED3-87A1-1F0B02FD16E7}.Debug|Any CPU.ActiveCfg = Debug|Any CPU
		{DB0757B2-60B4-4ED3-87A1-1F0B02FD16E7}.Release|Any CPU.ActiveCfg = Release|Any CPU
	EndGlobalSection
	GlobalSection(SolutionProperties) = preSolution
		HideSolutionNode = FALSE
	EndGlobalSection
	GlobalSection(ExtensibilityGlobals) = postSolution
		SolutionGuid = {3C58D1D6-0943-4F60-85DB-642C9EE5770A}
	EndGlobalSection
EndGlobal
