
Microsoft Visual Studio Solution File, Format Version 12.00
# Visual Studio Version 16
VisualStudioVersion = 16.0.30804.86
MinimumVisualStudioVersion = 10.0.40219.1
Project("{8BC9CEB8-8B4A-11D0-8D11-00A0C91BC942}") = "10зад", "10зад\10зад.vcxproj", "{EFF332C6-B0BE-40A6-9741-C043EC31603F}"
EndProject
Global
	GlobalSection(SolutionConfigurationPlatforms) = preSolution
		Debug|x64 = Debug|x64
		Debug|x86 = Debug|x86
		Release|x64 = Release|x64
		Release|x86 = Release|x86
	EndGlobalSection
	GlobalSection(ProjectConfigurationPlatforms) = postSolution
		{EFF332C6-B0BE-40A6-9741-C043EC31603F}.Debug|x64.ActiveCfg = Debug|x64
		{EFF332C6-B0BE-40A6-9741-C043EC31603F}.Debug|x64.Build.0 = Debug|x64
		{EFF332C6-B0BE-40A6-9741-C043EC31603F}.Debug|x86.ActiveCfg = Debug|Win32
		{EFF332C6-B0BE-40A6-9741-C043EC31603F}.Debug|x86.Build.0 = Debug|Win32
		{EFF332C6-B0BE-40A6-9741-C043EC31603F}.Release|x64.ActiveCfg = Release|x64
		{EFF332C6-B0BE-40A6-9741-C043EC31603F}.Release|x64.Build.0 = Release|x64
		{EFF332C6-B0BE-40A6-9741-C043EC31603F}.Release|x86.ActiveCfg = Release|Win32
		{EFF332C6-B0BE-40A6-9741-C043EC31603F}.Release|x86.Build.0 = Release|Win32
	EndGlobalSection
	GlobalSection(SolutionProperties) = preSolution
		HideSolutionNode = FALSE
	EndGlobalSection
	GlobalSection(ExtensibilityGlobals) = postSolution
		SolutionGuid = {13FD84AD-CA04-44C1-A864-C6476CDB635D}
	EndGlobalSection
EndGlobal
