
Microsoft Visual Studio Solution File, Format Version 12.00
# Visual Studio Version 16
VisualStudioVersion = 16.0.30621.155
MinimumVisualStudioVersion = 10.0.40219.1
Project("{888888A0-9F3D-457C-B088-3A5042F75D52}") = "Pr 6 p", "Pr 6 p\Pr 6 p.pyproj", "{4A57AA40-D72C-41A6-892E-3BE096D81B99}"
EndProject
Global
	GlobalSection(SolutionConfigurationPlatforms) = preSolution
		Debug|Any CPU = Debug|Any CPU
		Release|Any CPU = Release|Any CPU
	EndGlobalSection
	GlobalSection(ProjectConfigurationPlatforms) = postSolution
		{4A57AA40-D72C-41A6-892E-3BE096D81B99}.Debug|Any CPU.ActiveCfg = Debug|Any CPU
		{4A57AA40-D72C-41A6-892E-3BE096D81B99}.Release|Any CPU.ActiveCfg = Release|Any CPU
	EndGlobalSection
	GlobalSection(SolutionProperties) = preSolution
		HideSolutionNode = FALSE
	EndGlobalSection
	GlobalSection(ExtensibilityGlobals) = postSolution
		SolutionGuid = {DC4B638E-8064-484F-A552-9F534792EB9F}
	EndGlobalSection
EndGlobal
