
Microsoft Visual Studio Solution File, Format Version 12.00
# Visual Studio Version 16
VisualStudioVersion = 16.0.30621.155
MinimumVisualStudioVersion = 10.0.40219.1
Project("{888888A0-9F3D-457C-B088-3A5042F75D52}") = "pr 11 p", "pr 11 p\pr 11 p.pyproj", "{64981235-1B98-49E5-BA66-E6E30DE3CD9D}"
EndProject
Global
	GlobalSection(SolutionConfigurationPlatforms) = preSolution
		Debug|Any CPU = Debug|Any CPU
		Release|Any CPU = Release|Any CPU
	EndGlobalSection
	GlobalSection(ProjectConfigurationPlatforms) = postSolution
		{64981235-1B98-49E5-BA66-E6E30DE3CD9D}.Debug|Any CPU.ActiveCfg = Debug|Any CPU
		{64981235-1B98-49E5-BA66-E6E30DE3CD9D}.Release|Any CPU.ActiveCfg = Release|Any CPU
	EndGlobalSection
	GlobalSection(SolutionProperties) = preSolution
		HideSolutionNode = FALSE
	EndGlobalSection
	GlobalSection(ExtensibilityGlobals) = postSolution
		SolutionGuid = {5DCED532-FED5-4507-8B06-40D55716717D}
	EndGlobalSection
EndGlobal
